// !$*UTF8*$!
{
	archiveVersion = 1;
	classes = {
	};
	objectVersion = 46;
	objects = {

/* Begin PBXBuildFile section */
		126940741E140233007A6F07 /* AppDelegate.swift in Sources */ = {isa = PBXBuildFile; fileRef = 126940731E140233007A6F07 /* AppDelegate.swift */; };
		126940761E140233007A6F07 /* ViewController.swift in Sources */ = {isa = PBXBuildFile; fileRef = 126940751E140233007A6F07 /* ViewController.swift */; };
		126940791E140233007A6F07 /* Main.storyboard in Resources */ = {isa = PBXBuildFile; fileRef = 126940771E140233007A6F07 /* Main.storyboard */; };
		1269407B1E140233007A6F07 /* Assets.xcassets in Resources */ = {isa = PBXBuildFile; fileRef = 1269407A1E140233007A6F07 /* Assets.xcassets */; };
		1269407E1E140233007A6F07 /* LaunchScreen.storyboard in Resources */ = {isa = PBXBuildFile; fileRef = 1269407C1E140233007A6F07 /* LaunchScreen.storyboard */; };
/* End PBXBuildFile section */

/* Begin PBXFileReference section */
		126940701E140233007A6F07 /* Carousel.app */ = {isa = PBXFileReference; explicitFileType = wrapper.application; includeInIndex = 0; path = Carousel.app; sourceTree = BUILT_PRODUCTS_DIR; };
		126940731E140233007A6F07 /* AppDelegate.swift */ = {isa = PBXFileReference; lastKnownFileType = sourcecode.swift; path = AppDelegate.swift; sourceTree = "<group>"; };
		126940751E140233007A6F07 /* ViewController.swift */ = {isa = PBXFileReference; lastKnownFileType = sourcecode.swift; path = ViewController.swift; sourceTree = "<group>"; };
		126940781E140233007A6F07 /* Base */ = {isa = PBXFileReference; lastKnownFileType = file.storyboard; name = Base; path = Base.lproj/Main.storyboard; sourceTree = "<group>"; };
		1269407A1E140233007A6F07 /* Assets.xcassets */ = {isa = PBXFileReference; lastKnownFileType = folder.assetcatalog; path = Assets.xcassets; sourceTree = "<group>"; };
		1269407D1E140233007A6F07 /* Base */ = {isa = PBXFileReference; lastKnownFileType = file.storyboard; name = Base; path = Base.lproj/LaunchScreen.storyboard; sourceTree = "<group>"; };
		1269407F1E140233007A6F07 /* Info.plist */ = {isa = PBXFileReference; lastKnownFileType = text.plist.xml; path = Info.plist; sourceTree = "<group>"; };
/* End PBXFileReference section */

/* Begin PBXFrameworksBuildPhase section */
		1269406D1E140233007A6F07 /* Frameworks */ = {
			isa = PBXFrameworksBuildPhase;
			buildActionMask = 2147483647;
			files = (
			);
			runOnlyForDeploymentPostprocessing = 0;
		};
/* End PBXFrameworksBuildPhase section */

/* Begin PBXGroup section */
		126940671E140233007A6F07 = {
			isa = PBXGroup;
			children = (
				126940721E140233007A6F07 /* Carousel */,
				126940711E140233007A6F07 /* Products */,
			);
			sourceTree = "<group>";
		};
		126940711E140233007A6F07 /* Products */ = {
			isa = PBXGroup;
			children = (
				126940701E140233007A6F07 /* Carousel.app */,
			);
			name = Products;
			sourceTree = "<group>";
		};
		126940721E140233007A6F07 /* Carousel */ = {
			isa = PBXGroup;
			children = (
				126940731E140233007A6F07 /* AppDelegate.swift */,
				126940751E140233007A6F07 /* ViewController.swift */,
				126940771E140233007A6F07 /* Main.storyboard */,
				1269407A1E140233007A6F07 /* Assets.xcassets */,
				1269407C1E140233007A6F07 /* LaunchScreen.storyboard */,
				1269407F1E140233007A6F07 /* Info.plist */,
			);
			path = Carousel;
			sourceTree = "<group>";
		};
/* End PBXGroup section */

/* Begin PBXNativeTarget section */
		1269406F1E140233007A6F07 /* Carousel */ = {
			isa = PBXNativeTarget;
			buildConfigurationList = 126940821E140233007A6F07 /* Build configuration list for PBXNativeTarget "Carousel" */;
			buildPhases = (
				1269406C1E140233007A6F07 /* Sources */,
				1269406D1E140233007A6F07 /* Frameworks */,
				1269406E1E140233007A6F07 /* Resources */,
			);
			buildRules = (
			);
			dependencies = (
			);
			name = Carousel;
			productName = Carousel;
			productReference = 126940701E140233007A6F07 /* Carousel.app */;
			productType = "com.apple.product-type.application";
		};
/* End PBXNativeTarget section */

/* Begin PBXProject section */
		126940681E140233007A6F07 /* Project object */ = {
			isa = PBXProject;
			attributes = {
				LastSwiftUpdateCheck = 0810;
				LastUpgradeCheck = 0810;
				ORGANIZATIONNAME = "Seab Jackson";
				TargetAttributes = {
					1269406F1E140233007A6F07 = {
						CreatedOnToolsVersion = 8.1;
						DevelopmentTeam = 86SYWTB5Q2;
						ProvisioningStyle = Automatic;
					};
				};
			};
			buildConfigurationList = 1269406B1E140233007A6F07 /* Build configuration list for PBXProject "Carousel" */;
			compatibilityVersion = "Xcode 3.2";
			developmentRegion = English;
			hasScannedForEncodings = 0;
			knownRegions = (
				en,
				Base,
			);
			mainGroup = 126940671E140233007A6F07;
			productRefGroup = 126940711E140233007A6F07 /* Products */;
			projectDirPath = "";
			projectRoot = "";
			targets = (
				1269406F1E140233007A6F07 /* Carousel */,
			);
		};
/* End PBXProject section */

/* Begin PBXResourcesBuildPhase section */
		1269406E1E140233007A6F07 /* Resources */ = {
			isa = PBXResourcesBuildPhase;
			buildActionMask = 2147483647;
			files = (
				1269407E1E140233007A6F07 /* LaunchScreen.storyboard in Resources */,
				1269407B1E140233007A6F07 /* Assets.xcassets in Resources */,
				126940791E140233007A6F07 /* Main.storyboard in Resources */,
			);
			runOnlyForDeploymentPostprocessing = 0;
		};
/* End PBXResourcesBuildPhase section */

/* Begin PBXSourcesBuildPhase section */
		1269406C1E140233007A6F07 /* Sources */ = {
			isa = PBXSourcesBuildPhase;
			buildActionMask = 2147483647;
			files = (
				126940761E140233007A6F07 /* ViewController.swift in Sources */,
				126940741E140233007A6F07 /* AppDelegate.swift in Sources */,
			);
			runOnlyForDeploymentPostprocessing = 0;
		};
/* End PBXSourcesBuildPhase section */

/* Begin PBXVariantGroup section */
		126940771E140233007A6F07 /* Main.storyboard */ = {
			isa = PBXVariantGroup;
			children = (
				126940781E140233007A6F07 /* Base */,
			);
			name = Main.storyboard;
			sourceTree = "<group>";
		};
		1269407C1E140233007A6F07 /* LaunchScreen.storyboard */ = {
			isa = PBXVariantGroup;
			children = (
				1269407D1E140233007A6F07 /* Base */,
			);
			name = LaunchScreen.storyboard;
			sourceTree = "<group>";
		};
/* End PBXVariantGroup section */

/* Begin XCBuildConfiguration section */
		126940801E140233007A6F07 /* Debug */ = {
			isa = XCBuildConfiguration;
			buildSettings = {
				ALWAYS_SEARCH_USER_PATHS = NO;
				CLANG_ANALYZER_NONNULL = YES;
				CLANG_CXX_LANGUAGE_STANDARD = "gnu++0x";
				CLANG_CXX_LIBRARY = "libc++";
				CLANG_ENABLE_MODULES = YES;
				CLANG_ENABLE_OBJC_ARC = YES;
				CLANG_WARN_BOOL_CONVERSION = YES;
				CLANG_WARN_CONSTANT_CONVERSION = YES;
				CLANG_WARN_DIRECT_OBJC_ISA_USAGE = YES_ERROR;
				CLANG_WARN_DOCUMENTATION_COMMENTS = YES;
				CLANG_WARN_EMPTY_BODY = YES;
				CLANG_WARN_ENUM_CONVERSION = YES;
				CLANG_WARN_INFINITE_RECURSION = YES;
				CLANG_WARN_INT_CONVERSION = YES;
				CLANG_WARN_OBJC_ROOT_CLASS = YES_ERROR;
				CLANG_WARN_SUSPICIOUS_MOVES = YES;
				CLANG_WARN_UNREACHABLE_CODE = YES;
				CLANG_WARN__DUPLICATE_METHOD_MATCH = YES;
				"CODE_SIGN_IDENTITY[sdk=iphoneos*]" = "iPhone Developer";
				COPY_PHASE_STRIP = NO;
				DEBUG_INFORMATION_FORMAT = dwarf;
				ENABLE_STRICT_OBJC_MSGSEND = YES;
				ENABLE_TESTABILITY = YES;
				GCC_C_LANGUAGE_STANDARD = gnu99;
				GCC_DYNAMIC_NO_PIC = NO;
				GCC_NO_COMMON_BLOCKS = YES;
				GCC_OPTIMIZATION_LEVEL = 0;
				GCC_PREPROCESSOR_DEFINITIONS = (
					"DEBUG=1",
					"$(inherited)",
				);
				GCC_WARN_64_TO_32_BIT_CONVERSION = YES;
				GCC_WARN_ABOUT_RETURN_TYPE = YES_ERROR;
				GCC_WARN_UNDECLARED_SELECTOR = YES;
				GCC_WARN_UNINITIALIZED_AUTOS = YES_AGGRESSIVE;
				GCC_WARN_UNUSED_FUNCTION = YES;
				GCC_WARN_UNUSED_VARIABLE = YES;
				IPHONEOS_DEPLOYMENT_TARGET = 10.1;
				MTL_ENABLE_DEBUG_INFO = YES;
				ONLY_ACTIVE_ARCH = YES;
				SDKROOT = iphoneos;
				SWIFT_ACTIVE_COMPILATION_CONDITIONS = DEBUG;
				SWIFT_OPTIMIZATION_LEVEL = "-Onone";
			};
			name = Debug;
		};
		126940811E140233007A6F07 /* Release */ = {
			isa = XCBuildConfiguration;
			buildSettings = {
				ALWAYS_SEARCH_USER_PATHS = NO;
				CLANG_ANALYZER_NONNULL = YES;
				CLANG_CXX_LANGUAGE_STANDARD = "gnu++0x";
				CLANG_CXX_LIBRARY = "libc++";
				CLANG_ENABLE_MODULES = YES;
				CLANG_ENABLE_OBJC_ARC = YES;
				CLANG_WARN_BOOL_CONVERSION = YES;
				CLANG_WARN_CONSTANT_CONVERSION = YES;
				CLANG_WARN_DIRECT_OBJC_ISA_USAGE = YES_ERROR;
				CLANG_WARN_DOCUMENTATION_COMMENTS = YES;
				CLANG_WARN_EMPTY_BODY = YES;
				CLANG_WARN_ENUM_CONVERSION = YES;
				CLANG_WARN_INFINITE_RECURSION = YES;
				CLANG_WARN_INT_CONVERSION = YES;
				CLANG_WARN_OBJC_ROOT_CLASS = YES_ERROR;
				CLANG_WARN_SUSPICIOUS_MOVES = YES;
				CLANG_WARN_UNREACHABLE_CODE = YES;
				CLANG_WARN__DUPLICATE_METHOD_MATCH = YES;
				"CODE_SIGN_IDENTITY[sdk=iphoneos*]" = "iPhone Developer";
				COPY_PHASE_STRIP = NO;
				DEBUG_INFORMATION_FORMAT = "dwarf-with-dsym";
				ENABLE_NS_ASSERTIONS = NO;
				ENABLE_STRICT_OBJC_MSGSEND = YES;
				GCC_C_LANGUAGE_STANDARD = gnu99;
				GCC_NO_COMMON_BLOCKS = YES;
				GCC_WARN_64_TO_32_BIT_CONVERSION = YES;
				GCC_WARN_ABOUT_RETURN_TYPE = YES_ERROR;
				GCC_WARN_UNDECLARED_SELECTOR = YES;
				GCC_WARN_UNINITIALIZED_AUTOS = YES_AGGRESSIVE;
				GCC_WARN_UNUSED_FUNCTION = YES;
				GCC_WARN_UNUSED_VARIABLE = YES;
				IPHONEOS_DEPLOYMENT_TARGET = 10.1;
				MTL_ENABLE_DEBUG_INFO = NO;
				SDKROOT = iphoneos;
				SWIFT_OPTIMIZATION_LEVEL = "-Owholemodule";
				VALIDATE_PRODUCT = YES;
			};
			name = Release;
		};
		126940831E140233007A6F07 /* Debug */ = {
			isa = XCBuildConfiguration;
			buildSettings = {
				ASSETCATALOG_COMPILER_APPICON_NAME = AppIcon;
				DEVELOPMENT_TEAM = 86SYWTB5Q2;
				INFOPLIST_FILE = Carousel/Info.plist;
				LD_RUNPATH_SEARCH_PATHS = "$(inherited) @executable_path/Frameworks";
				PRODUCT_BUNDLE_IDENTIFIER = "Seab-Jackson.Carousel";
				PRODUCT_NAME = "$(TARGET_NAME)";
				SWIFT_VERSION = 3.0;
			};
			name = Debug;
		};
		126940841E140233007A6F07 /* Release */ = {
			isa = XCBuildConfiguration;
			buildSettings = {
				ASSETCATALOG_COMPILER_APPICON_NAME = AppIcon;
				DEVELOPMENT_TEAM = 86SYWTB5Q2;
				INFOPLIST_FILE = Carousel/Info.plist;
				LD_RUNPATH_SEARCH_PATHS = "$(inherited) @executable_path/Frameworks";
				PRODUCT_BUNDLE_IDENTIFIER = "Seab-Jackson.Carousel";
				PRODUCT_NAME = "$(TARGET_NAME)";
				SWIFT_VERSION = 3.0;
			};
			name = Release;
		};
/* End XCBuildConfiguration section */

/* Begin XCConfigurationList section */
		1269406B1E140233007A6F07 /* Build configuration list for PBXProject "Carousel" */ = {
			isa = XCConfigurationList;
			buildConfigurations = (
				126940801E140233007A6F07 /* Debug */,
				126940811E140233007A6F07 /* Release */,
			);
			defaultConfigurationIsVisible = 0;
			defaultConfigurationName = Release;
		};
		126940821E140233007A6F07 /* Build configuration list for PBXNativeTarget "Carousel" */ = {
			isa = XCConfigurationList;
			buildConfigurations = (
				126940831E140233007A6F07 /* Debug */,
				126940841E140233007A6F07 /* Release */,
			);
			defaultConfigurationIsVisible = 0;
		};
/* End XCConfigurationList section */
	};
	rootObject = 126940681E140233007A6F07 /* Project object */;
}
